<?xml version="1.0" encoding="utf-8"?>
<Project ToolsVersion="4.0" xmlns="http://schemas.microsoft.com/developer/msbuild/2003">
  <ItemGroup>
    <Filter Include="Source Files">
      <UniqueIdentifier>{4FC737F1-C7A5-4376-A066-2A32D752A2FF}</UniqueIdentifier>
      <Extensions>cpp;c;cc;cxx;def;odl;idl;hpj;bat;asm;asmx</Extensions>
    </Filter>
    <Filter Include="Header Files">
      <UniqueIdentifier>{93995380-89BD-4b04-88EB-625FBE52EBFB}</UniqueIdentifier>
      <Extensions>h;hh;hpp;hxx;hm;inl;inc;xsd</Extensions>
    </Filter>
    <Filter Include="Resource Files">
      <UniqueIdentifier>{67DA6AB6-F800-4c08-8B7A-83BB121AAD01}</UniqueIdentifier>
      <Extensions>rc;ico;cur;bmp;dlg;rc2;rct;bin;rgs;gif;jpg;jpeg;jpe;resx;tiff;tif;png;wav;mfcribbon-ms</Extensions>
    </Filter>
    <Filter Include="Header Files\socket">
      <UniqueIdentifier>{5cad5a1d-bd75-4e3c-a484-591850c12460}</UniqueIdentifier>
    </Filter>
    <Filter Include="Header Files\socket\tcp">
      <UniqueIdentifier>{0650886f-7fb5-4224-b068-e8f09984ba68}</UniqueIdentifier>
    </Filter>
    <Filter Include="Header Files\socket\tcp\server">
      <UniqueIdentifier>{0bc8e5e3-c8c3-41f1-bef8-094f03455398}</UniqueIdentifier>
    </Filter>
    <Filter Include="Source Files\socket">
      <UniqueIdentifier>{c2b1195e-e8a8-4c36-bdd0-43922f93ccbe}</UniqueIdentifier>
    </Filter>
    <Filter Include="Source Files\socket\tcp">
      <UniqueIdentifier>{6e3bb633-3dcb-4aaa-96b6-ba3626866f0d}</UniqueIdentifier>
    </Filter>
    <Filter Include="Source Files\socket\tcp\server">
      <UniqueIdentifier>{7b035307-d33c-4112-8c40-52306256c094}</UniqueIdentifier>
    </Filter>
  </ItemGroup>
  <ItemGroup>
    <ClInclude Include="..\..\socket\socket.hpp">
      <Filter>Header Files\socket</Filter>
    </ClInclude>
    <ClInclude Include="..\..\socket\tcp\tcp.hpp">
      <Filter>Header Files\socket\tcp</Filter>
    </ClInclude>
    <ClInclude Include="..\..\socket\tcp\server\tcp_server.hpp">
      <Filter>Header Files\socket\tcp\server</Filter>
    </ClInclude>
  </ItemGroup>
  <ItemGroup>
    <ClCompile Include="..\..\socket\tcp\tcp.cpp">
      <Filter>Source Files\socket\tcp</Filter>
    </ClCompile>
    <ClCompile Include="..\..\socket\tcp\server\tcp_server.cpp">
      <Filter>Source Files\socket\tcp\server</Filter>
    </ClCompile>
  </ItemGroup>
</Project>