<?xml version="1.0" encoding="utf-8"?>
<Project ToolsVersion="4.0" xmlns="http://schemas.microsoft.com/developer/msbuild/2003">
  <ItemGroup>
    <Filter Include="Source Files">
      <UniqueIdentifier>{4FC737F1-C7A5-4376-A066-2A32D752A2FF}</UniqueIdentifier>
      <Extensions>cpp;c;cc;cxx;def;odl;idl;hpj;bat;asm;asmx</Extensions>
    </Filter>
    <Filter Include="Header Files">
      <UniqueIdentifier>{93995380-89BD-4b04-88EB-625FBE52EBFB}</UniqueIdentifier>
      <Extensions>h;hh;hpp;hxx;hm;inl;inc;xsd</Extensions>
    </Filter>
    <Filter Include="Resource Files">
      <UniqueIdentifier>{67DA6AB6-F800-4c08-8B7A-83BB121AAD01}</UniqueIdentifier>
      <Extensions>rc;ico;cur;bmp;dlg;rc2;rct;bin;rgs;gif;jpg;jpeg;jpe;resx;tiff;tif;png;wav;mfcribbon-ms</Extensions>
    </Filter>
    <Filter Include="Header Files\memory">
      <UniqueIdentifier>{d1b8e4bc-3bff-43e3-b133-e4f85c5a30f1}</UniqueIdentifier>
    </Filter>
    <Filter Include="Header Files\memory\memory_object">
      <UniqueIdentifier>{6aeaa93a-75e7-4ecf-a880-0dab466b7478}</UniqueIdentifier>
    </Filter>
    <Filter Include="Header Files\memory\memory_object\type">
      <UniqueIdentifier>{6a13f1e1-e773-4083-93ee-6dfbb33245fc}</UniqueIdentifier>
    </Filter>
    <Filter Include="Header Files\memory\memory_object\trait">
      <UniqueIdentifier>{418332c8-a400-408e-9417-32b5d30e913f}</UniqueIdentifier>
    </Filter>
    <Filter Include="Header Files\memory\segment">
      <UniqueIdentifier>{0cd652ee-0b94-4f6b-852d-ebc597b440dc}</UniqueIdentifier>
    </Filter>
  </ItemGroup>
  <ItemGroup>
    <ClInclude Include="..\..\memory\mpool.hpp">
      <Filter>Header Files\memory</Filter>
    </ClInclude>
    <ClInclude Include="..\..\memory\view.hpp">
      <Filter>Header Files\memory</Filter>
    </ClInclude>
    <ClInclude Include="..\..\memory\sequence.hpp">
      <Filter>Header Files\memory</Filter>
    </ClInclude>
    <ClInclude Include="..\..\memory\memory_object\trait\pointer_trait.hpp">
      <Filter>Header Files\memory\memory_object\trait</Filter>
    </ClInclude>
    <ClInclude Include="..\..\memory\memory_object\trait\scope_trait.hpp">
      <Filter>Header Files\memory\memory_object\trait</Filter>
    </ClInclude>
    <ClInclude Include="..\..\memory\memory_object\type\access.hpp">
      <Filter>Header Files\memory\memory_object\type</Filter>
    </ClInclude>
    <ClInclude Include="..\..\memory\memory_object\type\heap.hpp">
      <Filter>Header Files\memory\memory_object\type</Filter>
    </ClInclude>
    <ClInclude Include="..\..\memory\memory_object\type\page.hpp">
      <Filter>Header Files\memory\memory_object\type</Filter>
    </ClInclude>
    <ClInclude Include="..\..\memory\memory_object\type\view.hpp">
      <Filter>Header Files\memory\memory_object\type</Filter>
    </ClInclude>
    <ClInclude Include="..\..\memory\memory_object\memory_object.hpp">
      <Filter>Header Files\memory\memory_object</Filter>
    </ClInclude>
    <ClInclude Include="..\..\memory\segment\segment.hpp">
      <Filter>Header Files\memory\segment</Filter>
    </ClInclude>
  </ItemGroup>
  <ItemGroup>
    <ClCompile Include="..\..\memory\segment\segment.cpp">
      <Filter>Header Files\memory\segment</Filter>
    </ClCompile>
  </ItemGroup>
</Project>