
Microsoft Visual Studio Solution File, Format Version 12.00
# Visual Studio 14
VisualStudioVersion = 14.0.25420.1
MinimumVisualStudioVersion = 10.0.40219.1
Project("{8BC9CEB8-8B4A-11D0-8D11-00A0C91BC942}") = "synapse_vs2015", "synapse_vs2015\synapse_vs2015.vcxproj", "{0E1B73DC-79C3-4D09-AC25-3A3486A8EE93}"
EndProject
Project("{8BC9CEB8-8B4A-11D0-8D11-00A0C91BC942}") = "disk", "disk\disk.vcxproj", "{26D251F1-9BAC-4601-9D0B-1F204CA6E492}"
EndProject
Project("{8BC9CEB8-8B4A-11D0-8D11-00A0C91BC942}") = "http", "http\http.vcxproj", "{5B9C29C8-4641-484A-8257-97891CB03126}"
EndProject
Project("{8BC9CEB8-8B4A-11D0-8D11-00A0C91BC942}") = "thread", "thread\thread.vcxproj", "{79A13B25-DF21-4A8B-8596-DC9B1D6DF80F}"
EndProject
Project("{8BC9CEB8-8B4A-11D0-8D11-00A0C91BC942}") = "socket", "socket\socket.vcxproj", "{94437E59-18CE-47E5-8CDA-4C814EA17D63}"
EndProject
Project("{8BC9CEB8-8B4A-11D0-8D11-00A0C91BC942}") = "format", "format\format.vcxproj", "{F86A64D2-5830-4FB2-8799-B68EB67CF113}"
EndProject
Project("{8BC9CEB8-8B4A-11D0-8D11-00A0C91BC942}") = "experiment", "experiment\experiment.vcxproj", "{36DFEFFD-64CC-465E-AE58-67D112CFC5EB}"
EndProject
Project("{8BC9CEB8-8B4A-11D0-8D11-00A0C91BC942}") = "memory", "memory\memory.vcxproj", "{6B1471F7-3654-4B0C-8EF3-D5F51C43D8F8}"
EndProject
Project("{8BC9CEB8-8B4A-11D0-8D11-00A0C91BC942}") = "sync", "sync\sync.vcxproj", "{6EC0D438-E2E8-4FF3-86CF-77500ABB2A36}"
EndProject
Project("{8BC9CEB8-8B4A-11D0-8D11-00A0C91BC942}") = "simd", "simd\simd.vcxproj", "{43303C84-6ADE-423F-8E55-712A4894A46A}"
EndProject
Project("{8BC9CEB8-8B4A-11D0-8D11-00A0C91BC942}") = "lockfree", "lockfree\lockfree.vcxproj", "{F503590E-FA8F-46C4-A4F0-FD0CC8784947}"
EndProject
Project("{8BC9CEB8-8B4A-11D0-8D11-00A0C91BC942}") = "type", "type\type.vcxproj", "{0C74140C-A45D-4060-B273-5A7D0B46F4F8}"
EndProject
Project("{8BC9CEB8-8B4A-11D0-8D11-00A0C91BC942}") = "container", "container\container.vcxproj", "{20629293-0FA6-4CED-8534-9D1D9E7A5C78}"
EndProject
Global
	GlobalSection(SolutionConfigurationPlatforms) = preSolution
		Debug|x64 = Debug|x64
		Debug|x86 = Debug|x86
		Release|x64 = Release|x64
		Release|x86 = Release|x86
	EndGlobalSection
	GlobalSection(ProjectConfigurationPlatforms) = postSolution
		{0E1B73DC-79C3-4D09-AC25-3A3486A8EE93}.Debug|x64.ActiveCfg = Debug|x64
		{0E1B73DC-79C3-4D09-AC25-3A3486A8EE93}.Debug|x64.Build.0 = Debug|x64
		{0E1B73DC-79C3-4D09-AC25-3A3486A8EE93}.Debug|x86.ActiveCfg = Debug|Win32
		{0E1B73DC-79C3-4D09-AC25-3A3486A8EE93}.Debug|x86.Build.0 = Debug|Win32
		{0E1B73DC-79C3-4D09-AC25-3A3486A8EE93}.Release|x64.ActiveCfg = Release|x64
		{0E1B73DC-79C3-4D09-AC25-3A3486A8EE93}.Release|x64.Build.0 = Release|x64
		{0E1B73DC-79C3-4D09-AC25-3A3486A8EE93}.Release|x86.ActiveCfg = Release|Win32
		{0E1B73DC-79C3-4D09-AC25-3A3486A8EE93}.Release|x86.Build.0 = Release|Win32
		{26D251F1-9BAC-4601-9D0B-1F204CA6E492}.Debug|x64.ActiveCfg = Debug|x64
		{26D251F1-9BAC-4601-9D0B-1F204CA6E492}.Debug|x64.Build.0 = Debug|x64
		{26D251F1-9BAC-4601-9D0B-1F204CA6E492}.Debug|x86.ActiveCfg = Debug|Win32
		{26D251F1-9BAC-4601-9D0B-1F204CA6E492}.Debug|x86.Build.0 = Debug|Win32
		{26D251F1-9BAC-4601-9D0B-1F204CA6E492}.Release|x64.ActiveCfg = Release|x64
		{26D251F1-9BAC-4601-9D0B-1F204CA6E492}.Release|x64.Build.0 = Release|x64
		{26D251F1-9BAC-4601-9D0B-1F204CA6E492}.Release|x86.ActiveCfg = Release|Win32
		{26D251F1-9BAC-4601-9D0B-1F204CA6E492}.Release|x86.Build.0 = Release|Win32
		{5B9C29C8-4641-484A-8257-97891CB03126}.Debug|x64.ActiveCfg = Debug|x64
		{5B9C29C8-4641-484A-8257-97891CB03126}.Debug|x64.Build.0 = Debug|x64
		{5B9C29C8-4641-484A-8257-97891CB03126}.Debug|x86.ActiveCfg = Debug|Win32
		{5B9C29C8-4641-484A-8257-97891CB03126}.Debug|x86.Build.0 = Debug|Win32
		{5B9C29C8-4641-484A-8257-97891CB03126}.Release|x64.ActiveCfg = Release|x64
		{5B9C29C8-4641-484A-8257-97891CB03126}.Release|x64.Build.0 = Release|x64
		{5B9C29C8-4641-484A-8257-97891CB03126}.Release|x86.ActiveCfg = Release|Win32
		{5B9C29C8-4641-484A-8257-97891CB03126}.Release|x86.Build.0 = Release|Win32
		{79A13B25-DF21-4A8B-8596-DC9B1D6DF80F}.Debug|x64.ActiveCfg = Debug|x64
		{79A13B25-DF21-4A8B-8596-DC9B1D6DF80F}.Debug|x64.Build.0 = Debug|x64
		{79A13B25-DF21-4A8B-8596-DC9B1D6DF80F}.Debug|x86.ActiveCfg = Debug|Win32
		{79A13B25-DF21-4A8B-8596-DC9B1D6DF80F}.Debug|x86.Build.0 = Debug|Win32
		{79A13B25-DF21-4A8B-8596-DC9B1D6DF80F}.Release|x64.ActiveCfg = Release|x64
		{79A13B25-DF21-4A8B-8596-DC9B1D6DF80F}.Release|x64.Build.0 = Release|x64
		{79A13B25-DF21-4A8B-8596-DC9B1D6DF80F}.Release|x86.ActiveCfg = Release|Win32
		{79A13B25-DF21-4A8B-8596-DC9B1D6DF80F}.Release|x86.Build.0 = Release|Win32
		{94437E59-18CE-47E5-8CDA-4C814EA17D63}.Debug|x64.ActiveCfg = Debug|x64
		{94437E59-18CE-47E5-8CDA-4C814EA17D63}.Debug|x64.Build.0 = Debug|x64
		{94437E59-18CE-47E5-8CDA-4C814EA17D63}.Debug|x86.ActiveCfg = Debug|Win32
		{94437E59-18CE-47E5-8CDA-4C814EA17D63}.Debug|x86.Build.0 = Debug|Win32
		{94437E59-18CE-47E5-8CDA-4C814EA17D63}.Release|x64.ActiveCfg = Release|x64
		{94437E59-18CE-47E5-8CDA-4C814EA17D63}.Release|x64.Build.0 = Release|x64
		{94437E59-18CE-47E5-8CDA-4C814EA17D63}.Release|x86.ActiveCfg = Release|Win32
		{94437E59-18CE-47E5-8CDA-4C814EA17D63}.Release|x86.Build.0 = Release|Win32
		{F86A64D2-5830-4FB2-8799-B68EB67CF113}.Debug|x64.ActiveCfg = Debug|x64
		{F86A64D2-5830-4FB2-8799-B68EB67CF113}.Debug|x64.Build.0 = Debug|x64
		{F86A64D2-5830-4FB2-8799-B68EB67CF113}.Debug|x86.ActiveCfg = Debug|Win32
		{F86A64D2-5830-4FB2-8799-B68EB67CF113}.Debug|x86.Build.0 = Debug|Win32
		{F86A64D2-5830-4FB2-8799-B68EB67CF113}.Release|x64.ActiveCfg = Release|x64
		{F86A64D2-5830-4FB2-8799-B68EB67CF113}.Release|x64.Build.0 = Release|x64
		{F86A64D2-5830-4FB2-8799-B68EB67CF113}.Release|x86.ActiveCfg = Release|Win32
		{F86A64D2-5830-4FB2-8799-B68EB67CF113}.Release|x86.Build.0 = Release|Win32
		{36DFEFFD-64CC-465E-AE58-67D112CFC5EB}.Debug|x64.ActiveCfg = Debug|x64
		{36DFEFFD-64CC-465E-AE58-67D112CFC5EB}.Debug|x64.Build.0 = Debug|x64
		{36DFEFFD-64CC-465E-AE58-67D112CFC5EB}.Debug|x86.ActiveCfg = Debug|Win32
		{36DFEFFD-64CC-465E-AE58-67D112CFC5EB}.Debug|x86.Build.0 = Debug|Win32
		{36DFEFFD-64CC-465E-AE58-67D112CFC5EB}.Release|x64.ActiveCfg = Release|x64
		{36DFEFFD-64CC-465E-AE58-67D112CFC5EB}.Release|x64.Build.0 = Release|x64
		{36DFEFFD-64CC-465E-AE58-67D112CFC5EB}.Release|x86.ActiveCfg = Release|Win32
		{36DFEFFD-64CC-465E-AE58-67D112CFC5EB}.Release|x86.Build.0 = Release|Win32
		{6B1471F7-3654-4B0C-8EF3-D5F51C43D8F8}.Debug|x64.ActiveCfg = Debug|x64
		{6B1471F7-3654-4B0C-8EF3-D5F51C43D8F8}.Debug|x64.Build.0 = Debug|x64
		{6B1471F7-3654-4B0C-8EF3-D5F51C43D8F8}.Debug|x86.ActiveCfg = Debug|Win32
		{6B1471F7-3654-4B0C-8EF3-D5F51C43D8F8}.Debug|x86.Build.0 = Debug|Win32
		{6B1471F7-3654-4B0C-8EF3-D5F51C43D8F8}.Release|x64.ActiveCfg = Release|x64
		{6B1471F7-3654-4B0C-8EF3-D5F51C43D8F8}.Release|x64.Build.0 = Release|x64
		{6B1471F7-3654-4B0C-8EF3-D5F51C43D8F8}.Release|x86.ActiveCfg = Release|Win32
		{6B1471F7-3654-4B0C-8EF3-D5F51C43D8F8}.Release|x86.Build.0 = Release|Win32
		{6EC0D438-E2E8-4FF3-86CF-77500ABB2A36}.Debug|x64.ActiveCfg = Debug|x64
		{6EC0D438-E2E8-4FF3-86CF-77500ABB2A36}.Debug|x64.Build.0 = Debug|x64
		{6EC0D438-E2E8-4FF3-86CF-77500ABB2A36}.Debug|x86.ActiveCfg = Debug|Win32
		{6EC0D438-E2E8-4FF3-86CF-77500ABB2A36}.Debug|x86.Build.0 = Debug|Win32
		{6EC0D438-E2E8-4FF3-86CF-77500ABB2A36}.Release|x64.ActiveCfg = Release|x64
		{6EC0D438-E2E8-4FF3-86CF-77500ABB2A36}.Release|x64.Build.0 = Release|x64
		{6EC0D438-E2E8-4FF3-86CF-77500ABB2A36}.Release|x86.ActiveCfg = Release|Win32
		{6EC0D438-E2E8-4FF3-86CF-77500ABB2A36}.Release|x86.Build.0 = Release|Win32
		{43303C84-6ADE-423F-8E55-712A4894A46A}.Debug|x64.ActiveCfg = Debug|x64
		{43303C84-6ADE-423F-8E55-712A4894A46A}.Debug|x64.Build.0 = Debug|x64
		{43303C84-6ADE-423F-8E55-712A4894A46A}.Debug|x86.ActiveCfg = Debug|Win32
		{43303C84-6ADE-423F-8E55-712A4894A46A}.Debug|x86.Build.0 = Debug|Win32
		{43303C84-6ADE-423F-8E55-712A4894A46A}.Release|x64.ActiveCfg = Release|x64
		{43303C84-6ADE-423F-8E55-712A4894A46A}.Release|x64.Build.0 = Release|x64
		{43303C84-6ADE-423F-8E55-712A4894A46A}.Release|x86.ActiveCfg = Release|Win32
		{43303C84-6ADE-423F-8E55-712A4894A46A}.Release|x86.Build.0 = Release|Win32
		{F503590E-FA8F-46C4-A4F0-FD0CC8784947}.Debug|x64.ActiveCfg = Debug|x64
		{F503590E-FA8F-46C4-A4F0-FD0CC8784947}.Debug|x64.Build.0 = Debug|x64
		{F503590E-FA8F-46C4-A4F0-FD0CC8784947}.Debug|x86.ActiveCfg = Debug|Win32
		{F503590E-FA8F-46C4-A4F0-FD0CC8784947}.Debug|x86.Build.0 = Debug|Win32
		{F503590E-FA8F-46C4-A4F0-FD0CC8784947}.Release|x64.ActiveCfg = Release|x64
		{F503590E-FA8F-46C4-A4F0-FD0CC8784947}.Release|x64.Build.0 = Release|x64
		{F503590E-FA8F-46C4-A4F0-FD0CC8784947}.Release|x86.ActiveCfg = Release|Win32
		{F503590E-FA8F-46C4-A4F0-FD0CC8784947}.Release|x86.Build.0 = Release|Win32
		{0C74140C-A45D-4060-B273-5A7D0B46F4F8}.Debug|x64.ActiveCfg = Debug|x64
		{0C74140C-A45D-4060-B273-5A7D0B46F4F8}.Debug|x64.Build.0 = Debug|x64
		{0C74140C-A45D-4060-B273-5A7D0B46F4F8}.Debug|x86.ActiveCfg = Debug|Win32
		{0C74140C-A45D-4060-B273-5A7D0B46F4F8}.Debug|x86.Build.0 = Debug|Win32
		{0C74140C-A45D-4060-B273-5A7D0B46F4F8}.Release|x64.ActiveCfg = Release|x64
		{0C74140C-A45D-4060-B273-5A7D0B46F4F8}.Release|x64.Build.0 = Release|x64
		{0C74140C-A45D-4060-B273-5A7D0B46F4F8}.Release|x86.ActiveCfg = Release|Win32
		{0C74140C-A45D-4060-B273-5A7D0B46F4F8}.Release|x86.Build.0 = Release|Win32
		{20629293-0FA6-4CED-8534-9D1D9E7A5C78}.Debug|x64.ActiveCfg = Debug|x64
		{20629293-0FA6-4CED-8534-9D1D9E7A5C78}.Debug|x64.Build.0 = Debug|x64
		{20629293-0FA6-4CED-8534-9D1D9E7A5C78}.Debug|x86.ActiveCfg = Debug|Win32
		{20629293-0FA6-4CED-8534-9D1D9E7A5C78}.Debug|x86.Build.0 = Debug|Win32
		{20629293-0FA6-4CED-8534-9D1D9E7A5C78}.Release|x64.ActiveCfg = Release|x64
		{20629293-0FA6-4CED-8534-9D1D9E7A5C78}.Release|x64.Build.0 = Release|x64
		{20629293-0FA6-4CED-8534-9D1D9E7A5C78}.Release|x86.ActiveCfg = Release|Win32
		{20629293-0FA6-4CED-8534-9D1D9E7A5C78}.Release|x86.Build.0 = Release|Win32
	EndGlobalSection
	GlobalSection(SolutionProperties) = preSolution
		HideSolutionNode = FALSE
	EndGlobalSection
EndGlobal
